
Microsoft Visual Studio Solution File, Format Version 12.00
Project("{FAE04EC0-301F-11D3-BF4B-00C04F79EFBC}") = "Client", "Client\Client.csproj", "{FC8037EF-32F4-401B-830B-EC322A2E73CF}"
EndProject
Project("{FAE04EC0-301F-11D3-BF4B-00C04F79EFBC}") = "Client.Host", "Client.Host\Client.Host.csproj", "{92E47D8C-287C-41EC-BBCA-C49EE63B20A8}"
EndProject
Global
	GlobalSection(SolutionConfigurationPlatforms) = preSolution
		Debug|Any CPU = Debug|Any CPU
		Release|Any CPU = Release|Any CPU
	EndGlobalSection
	GlobalSection(ProjectConfigurationPlatforms) = postSolution
		{FC8037EF-32F4-401B-830B-EC322A2E73CF}.Debug|Any CPU.ActiveCfg = Debug|Any CPU
		{FC8037EF-32F4-401B-830B-EC322A2E73CF}.Debug|Any CPU.Build.0 = Debug|Any CPU
		{FC8037EF-32F4-401B-830B-EC322A2E73CF}.Release|Any CPU.ActiveCfg = Release|Any CPU
		{FC8037EF-32F4-401B-830B-EC322A2E73CF}.Release|Any CPU.Build.0 = Release|Any CPU
		{92E47D8C-287C-41EC-BBCA-C49EE63B20A8}.Debug|Any CPU.ActiveCfg = Debug|Any CPU
		{92E47D8C-287C-41EC-BBCA-C49EE63B20A8}.Debug|Any CPU.Build.0 = Debug|Any CPU
		{92E47D8C-287C-41EC-BBCA-C49EE63B20A8}.Release|Any CPU.ActiveCfg = Release|Any CPU
		{92E47D8C-287C-41EC-BBCA-C49EE63B20A8}.Release|Any CPU.Build.0 = Release|Any CPU
	EndGlobalSection
EndGlobal
